
Microsoft Visual Studio Solution File, Format Version 12.00
# Visual Studio Version 17
VisualStudioVersion = 17.1.32407.343
MinimumVisualStudioVersion = 10.0.40219.1
Project("{9A19103F-16F7-4668-BE54-9A1E7A4F7556}") = "ConsoleUI", "ConsoleUI\ConsoleUI.csproj", "{794CAF83-9654-4E4B-A6F5-B2ADDE13AEEC}"
EndProject
Project("{9A19103F-16F7-4668-BE54-9A1E7A4F7556}") = "GameLibrary", "GameLibrary\GameLibrary.csproj", "{D5127FFD-6988-4833-8362-761180D212D8}"
EndProject
Project("{FAE04EC0-301F-11D3-BF4B-00C04F79EFBC}") = "GameTests", "GameTests\GameTests.csproj", "{490AD192-2CC9-434E-AC92-A25FF9A79232}"
EndProject
Global
	GlobalSection(SolutionConfigurationPlatforms) = preSolution
		Debug|Any CPU = Debug|Any CPU
		Release|Any CPU = Release|Any CPU
	EndGlobalSection
	GlobalSection(ProjectConfigurationPlatforms) = postSolution
		{794CAF83-9654-4E4B-A6F5-B2ADDE13AEEC}.Debug|Any CPU.ActiveCfg = Debug|Any CPU
		{794CAF83-9654-4E4B-A6F5-B2ADDE13AEEC}.Debug|Any CPU.Build.0 = Debug|Any CPU
		{794CAF83-9654-4E4B-A6F5-B2ADDE13AEEC}.Release|Any CPU.ActiveCfg = Release|Any CPU
		{794CAF83-9654-4E4B-A6F5-B2ADDE13AEEC}.Release|Any CPU.Build.0 = Release|Any CPU
		{D5127FFD-6988-4833-8362-761180D212D8}.Debug|Any CPU.ActiveCfg = Debug|Any CPU
		{D5127FFD-6988-4833-8362-761180D212D8}.Debug|Any CPU.Build.0 = Debug|Any CPU
		{D5127FFD-6988-4833-8362-761180D212D8}.Release|Any CPU.ActiveCfg = Release|Any CPU
		{D5127FFD-6988-4833-8362-761180D212D8}.Release|Any CPU.Build.0 = Release|Any CPU
		{490AD192-2CC9-434E-AC92-A25FF9A79232}.Debug|Any CPU.ActiveCfg = Debug|Any CPU
		{490AD192-2CC9-434E-AC92-A25FF9A79232}.Debug|Any CPU.Build.0 = Debug|Any CPU
		{490AD192-2CC9-434E-AC92-A25FF9A79232}.Release|Any CPU.ActiveCfg = Release|Any CPU
		{490AD192-2CC9-434E-AC92-A25FF9A79232}.Release|Any CPU.Build.0 = Release|Any CPU
	EndGlobalSection
	GlobalSection(SolutionProperties) = preSolution
		HideSolutionNode = FALSE
	EndGlobalSection
	GlobalSection(ExtensibilityGlobals) = postSolution
		SolutionGuid = {4751D30D-BA4A-4327-932A-360397E1A432}
	EndGlobalSection
EndGlobal
